// !$*UTF8*$!
{
	archiveVersion = 1;
	classes = {
	};
	objectVersion = 77;
	objects = {

/* Begin PBXBuildFile section */
		C54257D42F77D6EB00AC0A19 /* AGENTS.md in Resources */ = {isa = PBXBuildFile; fileRef = C54257D32F77D6E200AC0A19 /* AGENTS.md */; };
/* End PBXBuildFile section */

/* Begin PBXContainerItemProxy section */
		C54257B72F77D6A200AC0A19 /* PBXContainerItemProxy */ = {
			isa = PBXContainerItemProxy;
			containerPortal = C54257A12F77D6A100AC0A19 /* Project object */;
			proxyType = 1;
			remoteGlobalIDString = C54257A82F77D6A100AC0A19;
			remoteInfo = "AI Translator";
		};
		C54257C12F77D6A200AC0A19 /* PBXContainerItemProxy */ = {
			isa = PBXContainerItemProxy;
			containerPortal = C54257A12F77D6A100AC0A19 /* Project object */;
			proxyType = 1;
			remoteGlobalIDString = C54257A82F77D6A100AC0A19;
			remoteInfo = "AI Translator";
		};
/* End PBXContainerItemProxy section */

/* Begin PBXFileReference section */
		C54257A92F77D6A100AC0A19 /* AI Translator.app */ = {isa = PBXFileReference; explicitFileType = wrapper.application; includeInIndex = 0; path = "AI Translator.app"; sourceTree = BUILT_PRODUCTS_DIR; };
		C54257B62F77D6A200AC0A19 /* AI TranslatorTests.xctest */ = {isa = PBXFileReference; explicitFileType = wrapper.cfbundle; includeInIndex = 0; path = "AI TranslatorTests.xctest"; sourceTree = BUILT_PRODUCTS_DIR; };
		C54257C02F77D6A200AC0A19 /* AI TranslatorUITests.xctest */ = {isa = PBXFileReference; explicitFileType = wrapper.cfbundle; includeInIndex = 0; path = "AI TranslatorUITests.xctest"; sourceTree = BUILT_PRODUCTS_DIR; };
		C54257D32F77D6E200AC0A19 /* AGENTS.md */ = {isa = PBXFileReference; lastKnownFileType = net.daringfireball.markdown; path = AGENTS.md; sourceTree = "<group>"; };
		C54258E72F77E98E00AC0A19 /* FileCommands.swift */ = {isa = PBXFileReference; lastKnownFileType = sourcecode.swift; path = FileCommands.swift; sourceTree = "<group>"; };
		C59DB5012F94C35400C1CAA3 /* README.md */ = {isa = PBXFileReference; lastKnownFileType = net.daringfireball.markdown; path = README.md; sourceTree = "<group>"; };
/* End PBXFileReference section */

/* Begin PBXFileSystemSynchronizedRootGroup section */
		C54257AB2F77D6A100AC0A19 /* AI Translator */ = {
			isa = PBXFileSystemSynchronizedRootGroup;
			path = "AI Translator";
			sourceTree = "<group>";
		};
		C54257B92F77D6A200AC0A19 /* AI TranslatorTests */ = {
			isa = PBXFileSystemSynchronizedRootGroup;
			path = "AI TranslatorTests";
			sourceTree = "<group>";
		};
		C54257C32F77D6A200AC0A19 /* AI TranslatorUITests */ = {
			isa = PBXFileSystemSynchronizedRootGroup;
			path = "AI TranslatorUITests";
			sourceTree = "<group>";
		};
/* End PBXFileSystemSynchronizedRootGroup section */

/* Begin PBXFrameworksBuildPhase section */
		C54257A62F77D6A100AC0A19 /* Frameworks */ = {
			isa = PBXFrameworksBuildPhase;
			buildActionMask = 2147483647;
			files = (
			);
			runOnlyForDeploymentPostprocessing = 0;
		};
		C54257B32F77D6A200AC0A19 /* Frameworks */ = {
			isa = PBXFrameworksBuildPhase;
			buildActionMask = 2147483647;
			files = (
			);
			runOnlyForDeploymentPostprocessing = 0;
		};
		C54257BD2F77D6A200AC0A19 /* Frameworks */ = {
			isa = PBXFrameworksBuildPhase;
			buildActionMask = 2147483647;
			files = (
			);
			runOnlyForDeploymentPostprocessing = 0;
		};
/* End PBXFrameworksBuildPhase section */

/* Begin PBXGroup section */
		C54257A02F77D6A100AC0A19 = {
			isa = PBXGroup;
			children = (
				C59DB5012F94C35400C1CAA3 /* README.md */,
				C54257D32F77D6E200AC0A19 /* AGENTS.md */,
				C54257AB2F77D6A100AC0A19 /* AI Translator */,
				C54257B92F77D6A200AC0A19 /* AI TranslatorTests */,
				C54257C32F77D6A200AC0A19 /* AI TranslatorUITests */,
				C54257AA2F77D6A100AC0A19 /* Products */,
				C54258E62F77E98700AC0A19 /* Commands */,
			);
			sourceTree = "<group>";
		};
		C54257AA2F77D6A100AC0A19 /* Products */ = {
			isa = PBXGroup;
			children = (
				C54257A92F77D6A100AC0A19 /* AI Translator.app */,
				C54257B62F77D6A200AC0A19 /* AI TranslatorTests.xctest */,
				C54257C02F77D6A200AC0A19 /* AI TranslatorUITests.xctest */,
			);
			name = Products;
			sourceTree = "<group>";
		};
		C54258E62F77E98700AC0A19 /* Commands */ = {
			isa = PBXGroup;
			children = (
				C54258E72F77E98E00AC0A19 /* FileCommands.swift */,
			);
			path = Commands;
			sourceTree = "<group>";
		};
/* End PBXGroup section */

/* Begin PBXNativeTarget section */
		C54257A82F77D6A100AC0A19 /* AI Translator */ = {
			isa = PBXNativeTarget;
			buildConfigurationList = C54257CA2F77D6A200AC0A19 /* Build configuration list for PBXNativeTarget "AI Translator" */;
			buildPhases = (
				C54257A52F77D6A100AC0A19 /* Sources */,
				C54257A62F77D6A100AC0A19 /* Frameworks */,
				C54257A72F77D6A100AC0A19 /* Resources */,
			);
			buildRules = (
			);
			dependencies = (
			);
			fileSystemSynchronizedGroups = (
				C54257AB2F77D6A100AC0A19 /* AI Translator */,
			);
			name = "AI Translator";
			packageProductDependencies = (
			);
			productName = "AI Translator";
			productReference = C54257A92F77D6A100AC0A19 /* AI Translator.app */;
			productType = "com.apple.product-type.application";
		};
		C54257B52F77D6A200AC0A19 /* AI TranslatorTests */ = {
			isa = PBXNativeTarget;
			buildConfigurationList = C54257CD2F77D6A200AC0A19 /* Build configuration list for PBXNativeTarget "AI TranslatorTests" */;
			buildPhases = (
				C54257B22F77D6A200AC0A19 /* Sources */,
				C54257B32F77D6A200AC0A19 /* Frameworks */,
				C54257B42F77D6A200AC0A19 /* Resources */,
			);
			buildRules = (
			);
			dependencies = (
				C54257B82F77D6A200AC0A19 /* PBXTargetDependency */,
			);
			fileSystemSynchronizedGroups = (
				C54257B92F77D6A200AC0A19 /* AI TranslatorTests */,
			);
			name = "AI TranslatorTests";
			packageProductDependencies = (
			);
			productName = "AI TranslatorTests";
			productReference = C54257B62F77D6A200AC0A19 /* AI TranslatorTests.xctest */;
			productType = "com.apple.product-type.bundle.unit-test";
		};
		C54257BF2F77D6A200AC0A19 /* AI TranslatorUITests */ = {
			isa = PBXNativeTarget;
			buildConfigurationList = C54257D02F77D6A200AC0A19 /* Build configuration list for PBXNativeTarget "AI TranslatorUITests" */;
			buildPhases = (
				C54257BC2F77D6A200AC0A19 /* Sources */,
				C54257BD2F77D6A200AC0A19 /* Frameworks */,
				C54257BE2F77D6A200AC0A19 /* Resources */,
			);
			buildRules = (
			);
			dependencies = (
				C54257C22F77D6A200AC0A19 /* PBXTargetDependency */,
			);
			fileSystemSynchronizedGroups = (
				C54257C32F77D6A200AC0A19 /* AI TranslatorUITests */,
			);
			name = "AI TranslatorUITests";
			packageProductDependencies = (
			);
			productName = "AI TranslatorUITests";
			productReference = C54257C02F77D6A200AC0A19 /* AI TranslatorUITests.xctest */;
			productType = "com.apple.product-type.bundle.ui-testing";
		};
/* End PBXNativeTarget section */

/* Begin PBXProject section */
		C54257A12F77D6A100AC0A19 /* Project object */ = {
			isa = PBXProject;
			attributes = {
				BuildIndependentTargetsInParallel = 1;
				LastSwiftUpdateCheck = 2630;
				LastUpgradeCheck = 2630;
				TargetAttributes = {
					C54257A82F77D6A100AC0A19 = {
						CreatedOnToolsVersion = 26.3;
					};
					C54257B52F77D6A200AC0A19 = {
						CreatedOnToolsVersion = 26.3;
						TestTargetID = C54257A82F77D6A100AC0A19;
					};
					C54257BF2F77D6A200AC0A19 = {
						CreatedOnToolsVersion = 26.3;
						TestTargetID = C54257A82F77D6A100AC0A19;
					};
				};
			};
			buildConfigurationList = C54257A42F77D6A100AC0A19 /* Build configuration list for PBXProject "AI Translator" */;
			developmentRegion = en;
			hasScannedForEncodings = 0;
			knownRegions = (
				en,
				Base,
			);
			mainGroup = C54257A02F77D6A100AC0A19;
			minimizedProjectReferenceProxies = 1;
			preferredProjectObjectVersion = 77;
			productRefGroup = C54257AA2F77D6A100AC0A19 /* Products */;
			projectDirPath = "";
			projectRoot = "";
			targets = (
				C54257A82F77D6A100AC0A19 /* AI Translator */,
				C54257B52F77D6A200AC0A19 /* AI TranslatorTests */,
				C54257BF2F77D6A200AC0A19 /* AI TranslatorUITests */,
			);
		};
/* End PBXProject section */

/* Begin PBXResourcesBuildPhase section */
		C54257A72F77D6A100AC0A19 /* Resources */ = {
			isa = PBXResourcesBuildPhase;
			buildActionMask = 2147483647;
			files = (
				C54257D42F77D6EB00AC0A19 /* AGENTS.md in Resources */,
			);
			runOnlyForDeploymentPostprocessing = 0;
		};
		C54257B42F77D6A200AC0A19 /* Resources */ = {
			isa = PBXResourcesBuildPhase;
			buildActionMask = 2147483647;
			files = (
			);
			runOnlyForDeploymentPostprocessing = 0;
		};
		C54257BE2F77D6A200AC0A19 /* Resources */ = {
			isa = PBXResourcesBuildPhase;
			buildActionMask = 2147483647;
			files = (
			);
			runOnlyForDeploymentPostprocessing = 0;
		};
/* End PBXResourcesBuildPhase section */

/* Begin PBXSourcesBuildPhase section */
		C54257A52F77D6A100AC0A19 /* Sources */ = {
			isa = PBXSourcesBuildPhase;
			buildActionMask = 2147483647;
			files = (
			);
			runOnlyForDeploymentPostprocessing = 0;
		};
		C54257B22F77D6A200AC0A19 /* Sources */ = {
			isa = PBXSourcesBuildPhase;
			buildActionMask = 2147483647;
			files = (
			);
			runOnlyForDeploymentPostprocessing = 0;
		};
		C54257BC2F77D6A200AC0A19 /* Sources */ = {
			isa = PBXSourcesBuildPhase;
			buildActionMask = 2147483647;
			files = (
			);
			runOnlyForDeploymentPostprocessing = 0;
		};
/* End PBXSourcesBuildPhase section */

/* Begin PBXTargetDependency section */
		C54257B82F77D6A200AC0A19 /* PBXTargetDependency */ = {
			isa = PBXTargetDependency;
			target = C54257A82F77D6A100AC0A19 /* AI Translator */;
			targetProxy = C54257B72F77D6A200AC0A19 /* PBXContainerItemProxy */;
		};
		C54257C22F77D6A200AC0A19 /* PBXTargetDependency */ = {
			isa = PBXTargetDependency;
			target = C54257A82F77D6A100AC0A19 /* AI Translator */;
			targetProxy = C54257C12F77D6A200AC0A19 /* PBXContainerItemProxy */;
		};
/* End PBXTargetDependency section */

/* Begin XCBuildConfiguration section */
		C54257C82F77D6A200AC0A19 /* Debug */ = {
			isa = XCBuildConfiguration;
			buildSettings = {
				ALWAYS_SEARCH_USER_PATHS = NO;
				ASSETCATALOG_COMPILER_GENERATE_SWIFT_ASSET_SYMBOL_EXTENSIONS = YES;
				CLANG_ANALYZER_NONNULL = YES;
				CLANG_ANALYZER_NUMBER_OBJECT_CONVERSION = YES_AGGRESSIVE;
				CLANG_CXX_LANGUAGE_STANDARD = "gnu++20";
				CLANG_ENABLE_MODULES = YES;
				CLANG_ENABLE_OBJC_ARC = YES;
				CLANG_ENABLE_OBJC_WEAK = YES;
				CLANG_WARN_BLOCK_CAPTURE_AUTORELEASING = YES;
				CLANG_WARN_BOOL_CONVERSION = YES;
				CLANG_WARN_COMMA = YES;
				CLANG_WARN_CONSTANT_CONVERSION = YES;
				CLANG_WARN_DEPRECATED_OBJC_IMPLEMENTATIONS = YES;
				CLANG_WARN_DIRECT_OBJC_ISA_USAGE = YES_ERROR;
				CLANG_WARN_DOCUMENTATION_COMMENTS = YES;
				CLANG_WARN_EMPTY_BODY = YES;
				CLANG_WARN_ENUM_CONVERSION = YES;
				CLANG_WARN_INFINITE_RECURSION = YES;
				CLANG_WARN_INT_CONVERSION = YES;
				CLANG_WARN_NON_LITERAL_NULL_CONVERSION = YES;
				CLANG_WARN_OBJC_IMPLICIT_RETAIN_SELF = YES;
				CLANG_WARN_OBJC_LITERAL_CONVERSION = YES;
				CLANG_WARN_OBJC_ROOT_CLASS = YES_ERROR;
				CLANG_WARN_QUOTED_INCLUDE_IN_FRAMEWORK_HEADER = YES;
				CLANG_WARN_RANGE_LOOP_ANALYSIS = YES;
				CLANG_WARN_STRICT_PROTOTYPES = YES;
				CLANG_WARN_SUSPICIOUS_MOVE = YES;
				CLANG_WARN_UNGUARDED_AVAILABILITY = YES_AGGRESSIVE;
				CLANG_WARN_UNREACHABLE_CODE = YES;
				CLANG_WARN__DUPLICATE_METHOD_MATCH = YES;
				COPY_PHASE_STRIP = NO;
				DEBUG_INFORMATION_FORMAT = dwarf;
				DEVELOPMENT_TEAM = N7DKJ3YJS4;
				ENABLE_STRICT_OBJC_MSGSEND = YES;
				ENABLE_TESTABILITY = YES;
				ENABLE_USER_SCRIPT_SANDBOXING = YES;
				GCC_C_LANGUAGE_STANDARD = gnu17;
				GCC_DYNAMIC_NO_PIC = NO;
				GCC_NO_COMMON_BLOCKS = YES;
				GCC_OPTIMIZATION_LEVEL = 0;
				GCC_PREPROCESSOR_DEFINITIONS = (
					"DEBUG=1",
					"$(inherited)",
				);
				GCC_WARN_64_TO_32_BIT_CONVERSION = YES;
				GCC_WARN_ABOUT_RETURN_TYPE = YES_ERROR;
				GCC_WARN_UNDECLARED_SELECTOR = YES;
				GCC_WARN_UNINITIALIZED_AUTOS = YES_AGGRESSIVE;
				GCC_WARN_UNUSED_FUNCTION = YES;
				GCC_WARN_UNUSED_VARIABLE = YES;
				LOCALIZATION_PREFERS_STRING_CATALOGS = YES;
				MACOSX_DEPLOYMENT_TARGET = 26.2;
				MTL_ENABLE_DEBUG_INFO = INCLUDE_SOURCE;
				MTL_FAST_MATH = YES;
				ONLY_ACTIVE_ARCH = YES;
				SDKROOT = macosx;
				SWIFT_ACTIVE_COMPILATION_CONDITIONS = "DEBUG $(inherited)";
				SWIFT_OPTIMIZATION_LEVEL = "-Onone";
			};
			name = Debug;
		};
		C54257C92F77D6A200AC0A19 /* Release */ = {
			isa = XCBuildConfiguration;
			buildSettings = {
				ALWAYS_SEARCH_USER_PATHS = NO;
				ASSETCATALOG_COMPILER_GENERATE_SWIFT_ASSET_SYMBOL_EXTENSIONS = YES;
				CLANG_ANALYZER_NONNULL = YES;
				CLANG_ANALYZER_NUMBER_OBJECT_CONVERSION = YES_AGGRESSIVE;
				CLANG_CXX_LANGUAGE_STANDARD = "gnu++20";
				CLANG_ENABLE_MODULES = YES;
				CLANG_ENABLE_OBJC_ARC = YES;
				CLANG_ENABLE_OBJC_WEAK = YES;
				CLANG_WARN_BLOCK_CAPTURE_AUTORELEASING = YES;
				CLANG_WARN_BOOL_CONVERSION = YES;
				CLANG_WARN_COMMA = YES;
				CLANG_WARN_CONSTANT_CONVERSION = YES;
				CLANG_WARN_DEPRECATED_OBJC_IMPLEMENTATIONS = YES;
				CLANG_WARN_DIRECT_OBJC_ISA_USAGE = YES_ERROR;
				CLANG_WARN_DOCUMENTATION_COMMENTS = YES;
				CLANG_WARN_EMPTY_BODY = YES;
				CLANG_WARN_ENUM_CONVERSION = YES;
				CLANG_WARN_INFINITE_RECURSION = YES;
				CLANG_WARN_INT_CONVERSION = YES;
				CLANG_WARN_NON_LITERAL_NULL_CONVERSION = YES;
				CLANG_WARN_OBJC_IMPLICIT_RETAIN_SELF = YES;
				CLANG_WARN_OBJC_LITERAL_CONVERSION = YES;
				CLANG_WARN_OBJC_ROOT_CLASS = YES_ERROR;
				CLANG_WARN_QUOTED_INCLUDE_IN_FRAMEWORK_HEADER = YES;
				CLANG_WARN_RANGE_LOOP_ANALYSIS = YES;
				CLANG_WARN_STRICT_PROTOTYPES = YES;
				CLANG_WARN_SUSPICIOUS_MOVE = YES;
				CLANG_WARN_UNGUARDED_AVAILABILITY = YES_AGGRESSIVE;
				CLANG_WARN_UNREACHABLE_CODE = YES;
				CLANG_WARN__DUPLICATE_METHOD_MATCH = YES;
				COPY_PHASE_STRIP = NO;
				DEBUG_INFORMATION_FORMAT = "dwarf-with-dsym";
				DEVELOPMENT_TEAM = N7DKJ3YJS4;
				ENABLE_NS_ASSERTIONS = NO;
				ENABLE_STRICT_OBJC_MSGSEND = YES;
				ENABLE_USER_SCRIPT_SANDBOXING = YES;
				GCC_C_LANGUAGE_STANDARD = gnu17;
				GCC_NO_COMMON_BLOCKS = YES;
				GCC_WARN_64_TO_32_BIT_CONVERSION = YES;
				GCC_WARN_ABOUT_RETURN_TYPE = YES_ERROR;
				GCC_WARN_UNDECLARED_SELECTOR = YES;
				GCC_WARN_UNINITIALIZED_AUTOS = YES_AGGRESSIVE;
				GCC_WARN_UNUSED_FUNCTION = YES;
				GCC_WARN_UNUSED_VARIABLE = YES;
				LOCALIZATION_PREFERS_STRING_CATALOGS = YES;
				MACOSX_DEPLOYMENT_TARGET = 26.2;
				MTL_ENABLE_DEBUG_INFO = NO;
				MTL_FAST_MATH = YES;
				SDKROOT = macosx;
				SWIFT_COMPILATION_MODE = wholemodule;
			};
			name = Release;
		};
		C54257CB2F77D6A200AC0A19 /* Debug */ = {
			isa = XCBuildConfiguration;
			buildSettings = {
				ASSETCATALOG_COMPILER_APPICON_NAME = AppIcon;
				ASSETCATALOG_COMPILER_GLOBAL_ACCENT_COLOR_NAME = AccentColor;
				ASSETCATALOG_COMPILER_INCLUDE_ALL_APPICON_ASSETS = YES;
				CODE_SIGN_STYLE = Automatic;
				COMBINE_HIDPI_IMAGES = YES;
				CURRENT_PROJECT_VERSION = 1;
				DEVELOPMENT_TEAM = N7DKJ3YJS4;
				ENABLE_APP_SANDBOX = YES;
				ENABLE_HARDENED_RUNTIME = YES;
				ENABLE_INCOMING_NETWORK_CONNECTIONS = NO;
				ENABLE_OUTGOING_NETWORK_CONNECTIONS = YES;
				ENABLE_PREVIEWS = YES;
				ENABLE_RESOURCE_ACCESS_AUDIO_INPUT = NO;
				ENABLE_RESOURCE_ACCESS_BLUETOOTH = NO;
				ENABLE_RESOURCE_ACCESS_CALENDARS = NO;
				ENABLE_RESOURCE_ACCESS_CAMERA = NO;
				ENABLE_RESOURCE_ACCESS_CONTACTS = NO;
				ENABLE_RESOURCE_ACCESS_LOCATION = NO;
				ENABLE_RESOURCE_ACCESS_PRINTING = NO;
				ENABLE_RESOURCE_ACCESS_USB = NO;
				ENABLE_USER_SELECTED_FILES = readwrite;
				GENERATE_INFOPLIST_FILE = YES;
				INFOPLIST_KEY_NSHumanReadableCopyright = "";
				LD_RUNPATH_SEARCH_PATHS = (
					"$(inherited)",
					"@executable_path/../Frameworks",
				);
				MARKETING_VERSION = 1.0;
				PRODUCT_BUNDLE_IDENTIFIER = "com.katoemba.AI-Translator";
				PRODUCT_NAME = "$(TARGET_NAME)";
				REGISTER_APP_GROUPS = YES;
				STRING_CATALOG_GENERATE_SYMBOLS = YES;
				SWIFT_APPROACHABLE_CONCURRENCY = YES;
				SWIFT_DEFAULT_ACTOR_ISOLATION = MainActor;
				SWIFT_EMIT_LOC_STRINGS = YES;
				SWIFT_UPCOMING_FEATURE_MEMBER_IMPORT_VISIBILITY = YES;
				SWIFT_VERSION = 5.0;
			};
			name = Debug;
		};
		C54257CC2F77D6A200AC0A19 /* Release */ = {
			isa = XCBuildConfiguration;
			buildSettings = {
				ASSETCATALOG_COMPILER_APPICON_NAME = AppIcon;
				ASSETCATALOG_COMPILER_GLOBAL_ACCENT_COLOR_NAME = AccentColor;
				ASSETCATALOG_COMPILER_INCLUDE_ALL_APPICON_ASSETS = YES;
				CODE_SIGN_STYLE = Automatic;
				COMBINE_HIDPI_IMAGES = YES;
				CURRENT_PROJECT_VERSION = 1;
				DEVELOPMENT_TEAM = N7DKJ3YJS4;
				ENABLE_APP_SANDBOX = YES;
				ENABLE_HARDENED_RUNTIME = YES;
				ENABLE_INCOMING_NETWORK_CONNECTIONS = NO;
				ENABLE_OUTGOING_NETWORK_CONNECTIONS = YES;
				ENABLE_PREVIEWS = YES;
				ENABLE_RESOURCE_ACCESS_AUDIO_INPUT = NO;
				ENABLE_RESOURCE_ACCESS_BLUETOOTH = NO;
				ENABLE_RESOURCE_ACCESS_CALENDARS = NO;
				ENABLE_RESOURCE_ACCESS_CAMERA = NO;
				ENABLE_RESOURCE_ACCESS_CONTACTS = NO;
				ENABLE_RESOURCE_ACCESS_LOCATION = NO;
				ENABLE_RESOURCE_ACCESS_PRINTING = NO;
				ENABLE_RESOURCE_ACCESS_USB = NO;
				ENABLE_USER_SELECTED_FILES = readwrite;
				GENERATE_INFOPLIST_FILE = YES;
				INFOPLIST_KEY_NSHumanReadableCopyright = "";
				LD_RUNPATH_SEARCH_PATHS = (
					"$(inherited)",
					"@executable_path/../Frameworks",
				);
				MARKETING_VERSION = 1.0;
				PRODUCT_BUNDLE_IDENTIFIER = "com.katoemba.AI-Translator";
				PRODUCT_NAME = "$(TARGET_NAME)";
				REGISTER_APP_GROUPS = YES;
				STRING_CATALOG_GENERATE_SYMBOLS = YES;
				SWIFT_APPROACHABLE_CONCURRENCY = YES;
				SWIFT_DEFAULT_ACTOR_ISOLATION = MainActor;
				SWIFT_EMIT_LOC_STRINGS = YES;
				SWIFT_UPCOMING_FEATURE_MEMBER_IMPORT_VISIBILITY = YES;
				SWIFT_VERSION = 5.0;
			};
			name = Release;
		};
		C54257CE2F77D6A200AC0A19 /* Debug */ = {
			isa = XCBuildConfiguration;
			buildSettings = {
				BUNDLE_LOADER = "$(TEST_HOST)";
				CODE_SIGN_STYLE = Automatic;
				CURRENT_PROJECT_VERSION = 1;
				DEVELOPMENT_TEAM = N7DKJ3YJS4;
				GENERATE_INFOPLIST_FILE = YES;
				MACOSX_DEPLOYMENT_TARGET = 26.2;
				MARKETING_VERSION = 1.0;
				PRODUCT_BUNDLE_IDENTIFIER = "com.katoemba.AI-TranslatorTests";
				PRODUCT_NAME = "$(TARGET_NAME)";
				STRING_CATALOG_GENERATE_SYMBOLS = NO;
				SWIFT_APPROACHABLE_CONCURRENCY = YES;
				SWIFT_EMIT_LOC_STRINGS = NO;
				SWIFT_UPCOMING_FEATURE_MEMBER_IMPORT_VISIBILITY = YES;
				SWIFT_VERSION = 5.0;
				TEST_HOST = "$(BUILT_PRODUCTS_DIR)/AI Translator.app/$(BUNDLE_EXECUTABLE_FOLDER_PATH)/AI Translator";
			};
			name = Debug;
		};
		C54257CF2F77D6A200AC0A19 /* Release */ = {
			isa = XCBuildConfiguration;
			buildSettings = {
				BUNDLE_LOADER = "$(TEST_HOST)";
				CODE_SIGN_STYLE = Automatic;
				CURRENT_PROJECT_VERSION = 1;
				DEVELOPMENT_TEAM = N7DKJ3YJS4;
				GENERATE_INFOPLIST_FILE = YES;
				MACOSX_DEPLOYMENT_TARGET = 26.2;
				MARKETING_VERSION = 1.0;
				PRODUCT_BUNDLE_IDENTIFIER = "com.katoemba.AI-TranslatorTests";
				PRODUCT_NAME = "$(TARGET_NAME)";
				STRING_CATALOG_GENERATE_SYMBOLS = NO;
				SWIFT_APPROACHABLE_CONCURRENCY = YES;
				SWIFT_EMIT_LOC_STRINGS = NO;
				SWIFT_UPCOMING_FEATURE_MEMBER_IMPORT_VISIBILITY = YES;
				SWIFT_VERSION = 5.0;
				TEST_HOST = "$(BUILT_PRODUCTS_DIR)/AI Translator.app/$(BUNDLE_EXECUTABLE_FOLDER_PATH)/AI Translator";
			};
			name = Release;
		};
		C54257D12F77D6A200AC0A19 /* Debug */ = {
			isa = XCBuildConfiguration;
			buildSettings = {
				CODE_SIGN_STYLE = Automatic;
				CURRENT_PROJECT_VERSION = 1;
				DEVELOPMENT_TEAM = N7DKJ3YJS4;
				GENERATE_INFOPLIST_FILE = YES;
				MARKETING_VERSION = 1.0;
				PRODUCT_BUNDLE_IDENTIFIER = "com.katoemba.AI-TranslatorUITests";
				PRODUCT_NAME = "$(TARGET_NAME)";
				STRING_CATALOG_GENERATE_SYMBOLS = NO;
				SWIFT_APPROACHABLE_CONCURRENCY = YES;
				SWIFT_EMIT_LOC_STRINGS = NO;
				SWIFT_UPCOMING_FEATURE_MEMBER_IMPORT_VISIBILITY = YES;
				SWIFT_VERSION = 5.0;
				TEST_TARGET_NAME = "AI Translator";
			};
			name = Debug;
		};
		C54257D22F77D6A200AC0A19 /* Release */ = {
			isa = XCBuildConfiguration;
			buildSettings = {
				CODE_SIGN_STYLE = Automatic;
				CURRENT_PROJECT_VERSION = 1;
				DEVELOPMENT_TEAM = N7DKJ3YJS4;
				GENERATE_INFOPLIST_FILE = YES;
				MARKETING_VERSION = 1.0;
				PRODUCT_BUNDLE_IDENTIFIER = "com.katoemba.AI-TranslatorUITests";
				PRODUCT_NAME = "$(TARGET_NAME)";
				STRING_CATALOG_GENERATE_SYMBOLS = NO;
				SWIFT_APPROACHABLE_CONCURRENCY = YES;
				SWIFT_EMIT_LOC_STRINGS = NO;
				SWIFT_UPCOMING_FEATURE_MEMBER_IMPORT_VISIBILITY = YES;
				SWIFT_VERSION = 5.0;
				TEST_TARGET_NAME = "AI Translator";
			};
			name = Release;
		};
/* End XCBuildConfiguration section */

/* Begin XCConfigurationList section */
		C54257A42F77D6A100AC0A19 /* Build configuration list for PBXProject "AI Translator" */ = {
			isa = XCConfigurationList;
			buildConfigurations = (
				C54257C82F77D6A200AC0A19 /* Debug */,
				C54257C92F77D6A200AC0A19 /* Release */,
			);
			defaultConfigurationIsVisible = 0;
			defaultConfigurationName = Release;
		};
		C54257CA2F77D6A200AC0A19 /* Build configuration list for PBXNativeTarget "AI Translator" */ = {
			isa = XCConfigurationList;
			buildConfigurations = (
				C54257CB2F77D6A200AC0A19 /* Debug */,
				C54257CC2F77D6A200AC0A19 /* Release */,
			);
			defaultConfigurationIsVisible = 0;
			defaultConfigurationName = Release;
		};
		C54257CD2F77D6A200AC0A19 /* Build configuration list for PBXNativeTarget "AI TranslatorTests" */ = {
			isa = XCConfigurationList;
			buildConfigurations = (
				C54257CE2F77D6A200AC0A19 /* Debug */,
				C54257CF2F77D6A200AC0A19 /* Release */,
			);
			defaultConfigurationIsVisible = 0;
			defaultConfigurationName = Release;
		};
		C54257D02F77D6A200AC0A19 /* Build configuration list for PBXNativeTarget "AI TranslatorUITests" */ = {
			isa = XCConfigurationList;
			buildConfigurations = (
				C54257D12F77D6A200AC0A19 /* Debug */,
				C54257D22F77D6A200AC0A19 /* Release */,
			);
			defaultConfigurationIsVisible = 0;
			defaultConfigurationName = Release;
		};
/* End XCConfigurationList section */
	};
	rootObject = C54257A12F77D6A100AC0A19 /* Project object */;
}
